# This file was autogenerated by Stack.
# You should not edit this file by hand.
# For more information, please see the documentation at:
#   https://docs.haskellstack.org/en/stable/lock_files

packages:
- completed:
    hackage: timespan-0.4.0.0@sha256:0652f1328e43a9b62345fce29370d8a263f1fdfa71a52e3771743325beaa562d,884
    pantry-tree:
      size: 314
      sha256: 74331c19fe227c1d9d2d5de1f085ce97b939c1b2080157dbf74f55098dd9be59
  original:
    hackage: timespan-0.4.0.0@sha256:0652f1328e43a9b62345fce29370d8a263f1fdfa71a52e3771743325beaa562d,884
- completed:
    hackage: servant-multipart-client-0.12.1@sha256:d043063e2f33eab86840f87c4bdb16eb3fe4a5847a0b118e4f4265cf3ba4c9b3,1892
    pantry-tree:
      size: 400
      sha256: cb02eea7894a94e5dedf5cb74fd5fc6b989711ebb46a0e14d77f74f3b89dcbe0
  original:
    hackage: servant-multipart-client-0.12.1@sha256:d043063e2f33eab86840f87c4bdb16eb3fe4a5847a0b118e4f4265cf3ba4c9b3,1892
snapshots:
- completed:
    size: 586110
    url: https://raw.githubusercontent.com/commercialhaskell/stackage-snapshots/master/lts/18/21.yaml
    sha256: ce4fb8d44f3c6c6032060a02e0ebb1bd29937c9a70101c1517b92a87d9515160
  original:
    url: https://raw.githubusercontent.com/commercialhaskell/stackage-snapshots/master/lts/18/21.yaml
